<?xml version="1.0" encoding="utf-8"?>
<Project ToolsVersion="4.0" xmlns="http://schemas.microsoft.com/developer/msbuild/2003">
  <ItemGroup>
    <Filter Include="通用">
      <UniqueIdentifier>ed6f11e4-68a2-4e09-99d6-c91728ee2e9e</UniqueIdentifier>
    </Filter>
    <Filter Include="资产">
      <UniqueIdentifier>df942109-b56c-4c5a-90a6-8c24a9d64814</UniqueIdentifier>
    </Filter>
    <Filter Include="DataModel">
      <UniqueIdentifier>f10f327a-db65-4460-b5de-7242bd5c1e74</UniqueIdentifier>
    </Filter>
    <None Include="Common\ReadMe.txt">
      <Filter>通用</Filter>
    </None>
    <Page Include="Common\StandardStyles.xaml">
      <Filter>通用</Filter>
    </Page>
    <ClCompile Include="Common\BindableBase.cpp">
      <Filter>通用</Filter>
    </ClCompile>
    <ClCompile Include="Common\BooleanToVisibilityConverter.cpp">
      <Filter>通用</Filter>
    </ClCompile>
    <ClCompile Include="Common\BooleanNegationConverter.cpp">
      <Filter>通用</Filter>
    </ClCompile>
    <ClCompile Include="Common\RichTextColumns.cpp">
      <Filter>通用</Filter>
    </ClCompile>
    <ClCompile Include="Common\LayoutAwarePage.cpp">
      <Filter>通用</Filter>
    </ClCompile>
    <ClCompile Include="Common\SuspensionManager.cpp">
      <Filter>通用</Filter>
    </ClCompile>
    <ClInclude Include="Common\BindableBase.h">
      <Filter>通用</Filter>
    </ClInclude>
    <ClInclude Include="Common\BooleanToVisibilityConverter.h">
      <Filter>通用</Filter>
    </ClInclude>
    <ClInclude Include="Common\BooleanNegationConverter.h">
      <Filter>通用</Filter>
    </ClInclude>
    <ClInclude Include="Common\RichTextColumns.h">
      <Filter>通用</Filter>
    </ClInclude>
    <ClInclude Include="Common\LayoutAwarePage.h">
      <Filter>通用</Filter>
    </ClInclude>
    <ClInclude Include="Common\SuspensionManager.h">
      <Filter>通用</Filter>
    </ClInclude>
    <Image Include="Assets\Logo.png">
      <Filter>资产</Filter>
    </Image>
    <Image Include="Assets\SmallLogo.png">
      <Filter>资产</Filter>
    </Image>
    <Image Include="Assets\StoreLogo.png">
      <Filter>资产</Filter>
    </Image>
    <Image Include="Assets\SplashScreen.png">
      <Filter>资产</Filter>
    </Image>
    <Image Include="Assets\LightGray.png">
      <Filter>资产</Filter>
    </Image>
    <Image Include="Assets\MediumGray.png">
      <Filter>资产</Filter>
    </Image>
    <Image Include="Assets\DarkGray.png">
      <Filter>资产</Filter>
    </Image>
  </ItemGroup>
  <ItemGroup>
    <ApplicationDefinition Include="App.xaml" />
  </ItemGroup>
  <ItemGroup>
    <ClCompile Include="App.xaml.cpp" />
    <ClCompile Include="pch.cpp" />
    <ClCompile Include="DataModel\MainPageModel.cpp">
      <Filter>DataModel</Filter>
    </ClCompile>
    <ClCompile Include="MainPage.xaml.cpp" />
    <ClCompile Include="LoginPage.xaml.cpp" />
    <ClCompile Include="PopupAbout.xaml.cpp" />
    <ClCompile Include="PopupLicense.xaml.cpp" />
    <ClCompile Include="WifiSettingPage.xaml.cpp" />
    <ClCompile Include="DataModel\WifiSettingModel.cpp">
      <Filter>DataModel</Filter>
    </ClCompile>
  </ItemGroup>
  <ItemGroup>
    <ClInclude Include="pch.h" />
    <ClInclude Include="App.xaml.h" />
    <ClInclude Include="DataModel\MainPageModel.h">
      <Filter>DataModel</Filter>
    </ClInclude>
    <ClInclude Include="MainPage.xaml.h" />
    <ClInclude Include="LoginPage.xaml.h" />
    <ClInclude Include="PopupAbout.xaml.h" />
    <ClInclude Include="PopupLicense.xaml.h" />
    <ClInclude Include="WifiSettingPage.xaml.h" />
    <ClInclude Include="DataModel\WifiSettingModel.h">
      <Filter>DataModel</Filter>
    </ClInclude>
  </ItemGroup>
  <ItemGroup>
    <AppxManifest Include="Package.appxmanifest" />
  </ItemGroup>
  <ItemGroup>
    <None Include="GenieWin8Demo_TemporaryKey.pfx" />
  </ItemGroup>
  <ItemGroup>
    <Page Include="MainPage.xaml" />
    <Page Include="WifiSettingPage.xaml" />
    <Page Include="LoginPage.xaml" />
    <Page Include="PopupAbout.xaml" />
    <Page Include="PopupLicense.xaml" />
  </ItemGroup>
</Project>