<?xml version="1.0" encoding="utf-8"?>
<Project ToolsVersion="4.0" xmlns="http://schemas.microsoft.com/developer/msbuild/2003">
  <ItemGroup>
    <Filter Include="通用">
      <UniqueIdentifier>ec4487ad-4734-4d3b-8aa5-5c135b35ce2d</UniqueIdentifier>
    </Filter>
    <Filter Include="资产">
      <UniqueIdentifier>a89f72f0-1eac-40b1-bb4e-e06a2cd4c9c8</UniqueIdentifier>
    </Filter>
    <Filter Include="DataModel">
      <UniqueIdentifier>18e39a43-c8a6-4ae8-962b-26dd386af7fd</UniqueIdentifier>
    </Filter>
    <None Include="Common\ReadMe.txt">
      <Filter>通用</Filter>
    </None>
    <Page Include="Common\StandardStyles.xaml">
      <Filter>通用</Filter>
    </Page>
    <ClCompile Include="Common\BindableBase.cpp">
      <Filter>通用</Filter>
    </ClCompile>
    <ClCompile Include="Common\BooleanToVisibilityConverter.cpp">
      <Filter>通用</Filter>
    </ClCompile>
    <ClCompile Include="Common\BooleanNegationConverter.cpp">
      <Filter>通用</Filter>
    </ClCompile>
    <ClCompile Include="Common\RichTextColumns.cpp">
      <Filter>通用</Filter>
    </ClCompile>
    <ClCompile Include="Common\LayoutAwarePage.cpp">
      <Filter>通用</Filter>
    </ClCompile>
    <ClCompile Include="Common\SuspensionManager.cpp">
      <Filter>通用</Filter>
    </ClCompile>
    <ClInclude Include="Common\BindableBase.h">
      <Filter>通用</Filter>
    </ClInclude>
    <ClInclude Include="Common\BooleanToVisibilityConverter.h">
      <Filter>通用</Filter>
    </ClInclude>
    <ClInclude Include="Common\BooleanNegationConverter.h">
      <Filter>通用</Filter>
    </ClInclude>
    <ClInclude Include="Common\RichTextColumns.h">
      <Filter>通用</Filter>
    </ClInclude>
    <ClInclude Include="Common\LayoutAwarePage.h">
      <Filter>通用</Filter>
    </ClInclude>
    <ClInclude Include="Common\SuspensionManager.h">
      <Filter>通用</Filter>
    </ClInclude>
    <Image Include="Assets\Logo.png">
      <Filter>资产</Filter>
    </Image>
    <Image Include="Assets\SmallLogo.png">
      <Filter>资产</Filter>
    </Image>
    <Image Include="Assets\StoreLogo.png">
      <Filter>资产</Filter>
    </Image>
    <Image Include="Assets\SplashScreen.png">
      <Filter>资产</Filter>
    </Image>
    <Image Include="Assets\LightGray.png">
      <Filter>资产</Filter>
    </Image>
    <Image Include="Assets\MediumGray.png">
      <Filter>资产</Filter>
    </Image>
    <Image Include="Assets\DarkGray.png">
      <Filter>资产</Filter>
    </Image>
    <Filter Include="Strings">
      <UniqueIdentifier>{b291fad2-9314-4287-a73a-5463bfe56219}</UniqueIdentifier>
    </Filter>
    <Filter Include="Strings\en-US">
      <UniqueIdentifier>{57e36874-90fe-4517-a645-f1ddb9db4491}</UniqueIdentifier>
    </Filter>
    <Filter Include="Strings\zh-Hans-CN">
      <UniqueIdentifier>{456623b7-e7dc-4136-991e-a50f83655411}</UniqueIdentifier>
    </Filter>
  </ItemGroup>
  <ItemGroup>
    <ApplicationDefinition Include="App.xaml" />
  </ItemGroup>
  <ItemGroup>
    <ClCompile Include="App.xaml.cpp" />
    <ClCompile Include="pch.cpp" />
    <ClCompile Include="DataModel\GuestAccessModel.cpp">
      <Filter>DataModel</Filter>
    </ClCompile>
    <ClCompile Include="DataModel\MainPageModel.cpp">
      <Filter>DataModel</Filter>
    </ClCompile>
    <ClCompile Include="DataModel\WifiSettingModel.cpp">
      <Filter>DataModel</Filter>
    </ClCompile>
    <ClCompile Include="DataModel\TrafficControlModel.cpp">
      <Filter>DataModel</Filter>
    </ClCompile>
    <ClCompile Include="EditChannelPage.xaml.cpp" />
    <ClCompile Include="EditSecurityPage.xaml.cpp" />
    <ClCompile Include="EditSettingPage.xaml.cpp" />
    <ClCompile Include="GuestAccessPage.xaml.cpp" />
    <ClCompile Include="GuestSecurityPage.xaml.cpp" />
    <ClCompile Include="GuestSettingPage.xaml.cpp" />
    <ClCompile Include="GuestTimeSegPage.xaml.cpp" />
    <ClCompile Include="LoginPage.xaml.cpp" />
    <ClCompile Include="MainPage.xaml.cpp" />
    <ClCompile Include="PopupAbout.xaml.cpp" />
    <ClCompile Include="PopupLicense.xaml.cpp" />
    <ClCompile Include="StartDatePage.xaml.cpp" />
    <ClCompile Include="TrafficControlPage.xaml.cpp" />
    <ClCompile Include="TrafficCtrlSettingPage.xaml.cpp" />
    <ClCompile Include="WifiSettingPage.xaml.cpp" />
    <ClCompile Include="ParentalControlPage.xaml.cpp" />
    <ClCompile Include="PopupEnquireOpenDNS.xaml.cpp" />
    <ClCompile Include="PopupFilterLevel.xaml.cpp" />
    <ClCompile Include="PopupLoginOpenDNS.xaml.cpp" />
    <ClCompile Include="PopupRegisterOpenDNS.xaml.cpp" />
    <ClCompile Include="PopupSettingComplete.xaml.cpp" />
    <ClCompile Include="TrafficLimitationPage.xaml.cpp" />
    <ClCompile Include="DataModel\MyMediaModel.cpp">
      <Filter>DataModel</Filter>
    </ClCompile>
    <ClCompile Include="MyMediaPage.xaml.cpp" />
    <ClCompile Include="MyMediaSourcePage.xaml.cpp" />
    <ClCompile Include="DataModel\ParentalControlModel.cpp">
      <Filter>DataModel</Filter>
    </ClCompile>
  </ItemGroup>
  <ItemGroup>
    <ClInclude Include="pch.h" />
    <ClInclude Include="App.xaml.h" />
    <ClInclude Include="DataModel\GuestAccessModel.h">
      <Filter>DataModel</Filter>
    </ClInclude>
    <ClInclude Include="DataModel\MainPageModel.h">
      <Filter>DataModel</Filter>
    </ClInclude>
    <ClInclude Include="DataModel\WifiSettingModel.h">
      <Filter>DataModel</Filter>
    </ClInclude>
    <ClInclude Include="DataModel\TrafficControlModel.h">
      <Filter>DataModel</Filter>
    </ClInclude>
    <ClInclude Include="EditChannelPage.xaml.h" />
    <ClInclude Include="EditSecurityPage.xaml.h" />
    <ClInclude Include="EditSettingPage.xaml.h" />
    <ClInclude Include="GuestAccessPage.xaml.h" />
    <ClInclude Include="GuestSecurityPage.xaml.h" />
    <ClInclude Include="GuestSettingPage.xaml.h" />
    <ClInclude Include="GuestTimeSegPage.xaml.h" />
    <ClInclude Include="LoginPage.xaml.h" />
    <ClInclude Include="MainPage.xaml.h" />
    <ClInclude Include="PopupAbout.xaml.h" />
    <ClInclude Include="PopupLicense.xaml.h" />
    <ClInclude Include="StartDatePage.xaml.h" />
    <ClInclude Include="TrafficControlPage.xaml.h" />
    <ClInclude Include="TrafficCtrlSettingPage.xaml.h" />
    <ClInclude Include="WifiSettingPage.xaml.h" />
    <ClInclude Include="ParentalControlPage.xaml.h" />
    <ClInclude Include="PopupEnquireOpenDNS.xaml.h" />
    <ClInclude Include="PopupFilterLevel.xaml.h" />
    <ClInclude Include="PopupLoginOpenDNS.xaml.h" />
    <ClInclude Include="PopupRegisterOpenDNS.xaml.h" />
    <ClInclude Include="PopupSettingComplete.xaml.h" />
    <ClInclude Include="TrafficLimitationPage.xaml.h" />
    <ClInclude Include="DataModel\MyMediaModel.h">
      <Filter>DataModel</Filter>
    </ClInclude>
    <ClInclude Include="MyMediaPage.xaml.h" />
    <ClInclude Include="MyMediaSourcePage.xaml.h" />
    <ClInclude Include="DataModel\ParentalControlModel.h">
      <Filter>DataModel</Filter>
    </ClInclude>
  </ItemGroup>
  <ItemGroup>
    <AppxManifest Include="Package.appxmanifest" />
  </ItemGroup>
  <ItemGroup>
    <None Include="NETGEAR_Genie_Win8_TemporaryKey.pfx" />
  </ItemGroup>
  <ItemGroup>
    <Page Include="EditChannelPage.xaml" />
    <Page Include="EditSecurityPage.xaml" />
    <Page Include="EditSettingPage.xaml" />
    <Page Include="GuestAccessPage.xaml" />
    <Page Include="GuestSettingPage.xaml" />
    <Page Include="LoginPage.xaml" />
    <Page Include="MainPage.xaml" />
    <Page Include="PopupAbout.xaml" />
    <Page Include="PopupLicense.xaml" />
    <Page Include="WifiSettingPage.xaml" />
    <Page Include="GuestTimeSegPage.xaml" />
    <Page Include="GuestSecurityPage.xaml" />
    <Page Include="TrafficControlPage.xaml" />
    <Page Include="TrafficCtrlSettingPage.xaml" />
    <Page Include="StartDatePage.xaml" />
    <Page Include="TrafficLimitationPage.xaml" />
    <Page Include="ParentalControlPage.xaml" />
    <Page Include="PopupSettingComplete.xaml" />
    <Page Include="PopupLoginOpenDNS.xaml" />
    <Page Include="PopupRegisterOpenDNS.xaml" />
    <Page Include="PopupFilterLevel.xaml" />
    <Page Include="PopupEnquireOpenDNS.xaml" />
    <Page Include="MyMediaPage.xaml" />
    <Page Include="MyMediaSourcePage.xaml" />
    <Page Include="MyMediaPlayerPage.xaml" />
    <Page Include="MyMediaOptionPage.xaml" />
  </ItemGroup>
  <ItemGroup>
    <Image Include="Assets\开机画面620x300.png">
      <Filter>资产</Filter>
    </Image>
    <Image Include="Assets\NETGEAR_Genie_ico_30.png">
      <Filter>资产</Filter>
    </Image>
    <Image Include="Assets\NETGEAR_Genie_ico_50.png">
      <Filter>资产</Filter>
    </Image>
    <Image Include="Assets\NETGEAR_Genie_ico_150.png">
      <Filter>资产</Filter>
    </Image>
    <Image Include="Assets\NETGEAR_Genie_Logo_white_green.png">
      <Filter>资产</Filter>
    </Image>
    <Image Include="Assets\icon48.png">
      <Filter>资产</Filter>
    </Image>
    <Image Include="Assets\NETGER 首页小图标\appstore.png">
      <Filter>资产</Filter>
    </Image>
    <Image Include="Assets\NETGER 首页小图标\guestaccess.png">
      <Filter>资产</Filter>
    </Image>
    <Image Include="Assets\NETGER 首页小图标\map.png">
      <Filter>资产</Filter>
    </Image>
    <Image Include="Assets\NETGER 首页小图标\mymedia.png">
      <Filter>资产</Filter>
    </Image>
    <Image Include="Assets\NETGER 首页小图标\parentalcontrols.png">
      <Filter>资产</Filter>
    </Image>
    <Image Include="Assets\NETGER 首页小图标\qrcode.png">
      <Filter>资产</Filter>
    </Image>
    <Image Include="Assets\NETGER 首页小图标\traffic.png">
      <Filter>资产</Filter>
    </Image>
    <Image Include="Assets\NETGER 首页小图标\wireless.png">
      <Filter>资产</Filter>
    </Image>
    <Image Include="Assets\下边栏\browse.png">
      <Filter>资产</Filter>
    </Image>
    <Image Include="Assets\下边栏\device.png">
      <Filter>资产</Filter>
    </Image>
    <Image Include="Assets\下边栏\option.png">
      <Filter>资产</Filter>
    </Image>
    <Image Include="Assets\下边栏\playing.png">
      <Filter>资产</Filter>
    </Image>
  </ItemGroup>
  <ItemGroup>
    <PRIResource Include="Strings\zh-Hans-CN\Resources.resw">
      <Filter>Strings\zh-Hans-CN</Filter>
    </PRIResource>
    <PRIResource Include="Strings\en-US\Resources.resw">
      <Filter>Strings\en-US</Filter>
    </PRIResource>
  </ItemGroup>
</Project>